
Microsoft Visual Studio Solution File, Format Version 12.00
# Visual Studio Version 17
VisualStudioVersion = 17.6.33815.320
MinimumVisualStudioVersion = 10.0.40219.1
Project("{FAE04EC0-301F-11D3-BF4B-00C04F79EFBC}") = "ApiBackend", "ApiBackend\ApiBackend.csproj", "{B64ACAAD-DB93-41D3-8D47-30941F0079FC}"
EndProject
Project("{FAE04EC0-301F-11D3-BF4B-00C04F79EFBC}") = "ApiBackend.Shared", "ApiBackend.Shared\ApiBackend.Shared.csproj", "{8F580740-DBE9-428B-BEBF-8D71CFF7895E}"
EndProject
Project("{FAE04EC0-301F-11D3-BF4B-00C04F79EFBC}") = "ApiBackend.Date", "ApiBackend.Date\ApiBackend.Date.csproj", "{7A6A09B1-8A3E-4FFF-BCAA-BC77E7A724A9}"
EndProject
Global
	GlobalSection(SolutionConfigurationPlatforms) = preSolution
		Debug|Any CPU = Debug|Any CPU
		Release|Any CPU = Release|Any CPU
	EndGlobalSection
	GlobalSection(ProjectConfigurationPlatforms) = postSolution
		{B64ACAAD-DB93-41D3-8D47-30941F0079FC}.Debug|Any CPU.ActiveCfg = Debug|Any CPU
		{B64ACAAD-DB93-41D3-8D47-30941F0079FC}.Debug|Any CPU.Build.0 = Debug|Any CPU
		{B64ACAAD-DB93-41D3-8D47-30941F0079FC}.Release|Any CPU.ActiveCfg = Release|Any CPU
		{B64ACAAD-DB93-41D3-8D47-30941F0079FC}.Release|Any CPU.Build.0 = Release|Any CPU
		{8F580740-DBE9-428B-BEBF-8D71CFF7895E}.Debug|Any CPU.ActiveCfg = Debug|Any CPU
		{8F580740-DBE9-428B-BEBF-8D71CFF7895E}.Debug|Any CPU.Build.0 = Debug|Any CPU
		{8F580740-DBE9-428B-BEBF-8D71CFF7895E}.Release|Any CPU.ActiveCfg = Release|Any CPU
		{8F580740-DBE9-428B-BEBF-8D71CFF7895E}.Release|Any CPU.Build.0 = Release|Any CPU
		{7A6A09B1-8A3E-4FFF-BCAA-BC77E7A724A9}.Debug|Any CPU.ActiveCfg = Debug|Any CPU
		{7A6A09B1-8A3E-4FFF-BCAA-BC77E7A724A9}.Debug|Any CPU.Build.0 = Debug|Any CPU
		{7A6A09B1-8A3E-4FFF-BCAA-BC77E7A724A9}.Release|Any CPU.ActiveCfg = Release|Any CPU
		{7A6A09B1-8A3E-4FFF-BCAA-BC77E7A724A9}.Release|Any CPU.Build.0 = Release|Any CPU
	EndGlobalSection
	GlobalSection(SolutionProperties) = preSolution
		HideSolutionNode = FALSE
	EndGlobalSection
	GlobalSection(ExtensibilityGlobals) = postSolution
		SolutionGuid = {33236A77-19A1-4387-8729-04E345E687C6}
	EndGlobalSection
EndGlobal
